
Microsoft Visual Studio Solution File, Format Version 12.00
# Visual Studio Version 16
VisualStudioVersion = 16.0.30621.155
MinimumVisualStudioVersion = 10.0.40219.1
Project("{FAE04EC0-301F-11D3-BF4B-00C04F79EFBC}") = "ProjectExsample", "ProjectExsample\ProjectExsample.csproj", "{8B21E554-173E-48D8-8AFF-A3EDE2377266}"
EndProject
Global
	GlobalSection(SolutionConfigurationPlatforms) = preSolution
		Debug|Any CPU = Debug|Any CPU
		Release|Any CPU = Release|Any CPU
	EndGlobalSection
	GlobalSection(ProjectConfigurationPlatforms) = postSolution
		{8B21E554-173E-48D8-8AFF-A3EDE2377266}.Debug|Any CPU.ActiveCfg = Debug|Any CPU
		{8B21E554-173E-48D8-8AFF-A3EDE2377266}.Debug|Any CPU.Build.0 = Debug|Any CPU
		{8B21E554-173E-48D8-8AFF-A3EDE2377266}.Release|Any CPU.ActiveCfg = Release|Any CPU
		{8B21E554-173E-48D8-8AFF-A3EDE2377266}.Release|Any CPU.Build.0 = Release|Any CPU
	EndGlobalSection
	GlobalSection(SolutionProperties) = preSolution
		HideSolutionNode = FALSE
	EndGlobalSection
	GlobalSection(ExtensibilityGlobals) = postSolution
		SolutionGuid = {ABA8BBCE-369D-4D98-AF3E-180A3736E05A}
	EndGlobalSection
EndGlobal
